
Microsoft Visual Studio Solution File, Format Version 11.00
# Visual Studio 2010
Project("{FAE04EC0-301F-11D3-BF4B-00C04F79EFBC}") = "teste", "teste\teste.csproj", "{3C4C4A6F-8CB3-4C0F-9A73-6FF5B89B9088}"
EndProject
Global
	GlobalSection(SolutionConfigurationPlatforms) = preSolution
		Debug|x86 = Debug|x86
		Release|x86 = Release|x86
	EndGlobalSection
	GlobalSection(ProjectConfigurationPlatforms) = postSolution
		{3C4C4A6F-8CB3-4C0F-9A73-6FF5B89B9088}.Debug|x86.ActiveCfg = Debug|x86
		{3C4C4A6F-8CB3-4C0F-9A73-6FF5B89B9088}.Debug|x86.Build.0 = Debug|x86
		{3C4C4A6F-8CB3-4C0F-9A73-6FF5B89B9088}.Release|x86.ActiveCfg = Release|x86
		{3C4C4A6F-8CB3-4C0F-9A73-6FF5B89B9088}.Release|x86.Build.0 = Release|x86
	EndGlobalSection
	GlobalSection(SolutionProperties) = preSolution
		HideSolutionNode = FALSE
	EndGlobalSection
EndGlobal
